{
  "nodes": {
    "flakeNimbleLib": {
      "inputs": {
        "nixpkgs": [
          "nixpkgs"
        ]
      },
      "locked": {
        "lastModified": 1662018438,
        "narHash": "sha256-QtNtU6+LX3Wokxf0zlFwKTFOcn6TeDjKQZ+DA9OYtvM=",
        "owner": "riinr",
        "repo": "nim-flakes-lib",
        "rev": "b1fe8340736e3a85d25c709ac3dfd82a55c03cbf",
        "type": "github"
      },
      "original": {
        "owner": "riinr",
        "ref": "master",
        "repo": "nim-flakes-lib",
        "type": "github"
      }
    },
    "nixpkgs": {
      "locked": {
        "lastModified": 1667199707,
        "narHash": "sha256-I2Js3Y7gUyVSEXPULHlBoRek4Lh85vnevdS6mdvDNLI=",
        "owner": "NixOS",
        "repo": "nixpkgs",
        "rev": "ced197be72099edcfa68ebed8b87af7b04851f45",
        "type": "github"
      },
      "original": {
        "id": "nixpkgs",
        "type": "indirect"
      }
    },
    "root": {
      "inputs": {
        "flakeNimbleLib": "flakeNimbleLib",
        "nixpkgs": "nixpkgs",
        "seriesdetiempoar-master": "seriesdetiempoar-master"
      }
    },
    "seriesdetiempoar-master": {
      "inputs": {
        "flakeNimbleLib": [
          "flakeNimbleLib"
        ],
        "nixpkgs": [
          "nixpkgs"
        ],
        "src-seriesdetiempoar-master": "src-seriesdetiempoar-master"
      },
      "locked": {
        "dir": "master",
        "lastModified": 1667322655,
        "narHash": "sha256-Q326is3LxXyTfCsIlxQTE/VEeOU7Vs7r3BHStd1sDX8=",
        "owner": "nim-nix-pkgs",
        "repo": "seriesdetiempoar",
        "rev": "6939b2a0da14315397834e9ad80de5cb7abe6513",
        "type": "github"
      },
      "original": {
        "dir": "master",
        "owner": "nim-nix-pkgs",
        "ref": "master",
        "repo": "seriesdetiempoar",
        "type": "github"
      }
    },
    "src-seriesdetiempoar-master": {
      "flake": false,
      "locked": {
        "lastModified": 1540497458,
        "narHash": "sha256-KL+8CuOMrgsWFat9mte6VjpOSHkt4K4d408ciMnzejY=",
        "owner": "juancarlospaco",
        "repo": "nim-seriesdetiempoar",
        "rev": "6792f468438e0fccc6ed71946b2ce7fbfa9572f2",
        "type": "github"
      },
      "original": {
        "owner": "juancarlospaco",
        "ref": "refs/heads/master",
        "repo": "nim-seriesdetiempoar",
        "type": "github"
      }
    }
  },
  "root": "root",
  "version": 7
}
